
Microsoft Visual Studio Solution File, Format Version 12.00
# Visual Studio Version 16
VisualStudioVersion = 16.0.28917.181
MinimumVisualStudioVersion = 10.0.40219.1
Project("{FAE04EC0-301F-11D3-BF4B-00C04F79EFBC}") = "Task 1 Project", "Task 1 Project\Task 1 Project.csproj", "{07BE6CA8-BE40-41B4-8DAC-A2567EE00489}"
EndProject
Project("{FAE04EC0-301F-11D3-BF4B-00C04F79EFBC}") = "Task 2 Project", "Task 2 Project\Task 2 Project.csproj", "{03459E3A-F9C3-43B4-92FA-0DA63BD628D2}"
EndProject
Project("{FAE04EC0-301F-11D3-BF4B-00C04F79EFBC}") = "Demo", "Demo\Demo.csproj", "{B89FBE5B-5E12-4DB0-9AA1-42525406F2A3}"
EndProject
Project("{FAE04EC0-301F-11D3-BF4B-00C04F79EFBC}") = "OOPDemo", "OOPDemo\OOPDemo.csproj", "{D32D2D9C-2537-414B-9DAB-4D13EA1B6378}"
EndProject
Global
	GlobalSection(SolutionConfigurationPlatforms) = preSolution
		Debug|Any CPU = Debug|Any CPU
		Release|Any CPU = Release|Any CPU
	EndGlobalSection
	GlobalSection(ProjectConfigurationPlatforms) = postSolution
		{07BE6CA8-BE40-41B4-8DAC-A2567EE00489}.Debug|Any CPU.ActiveCfg = Debug|Any CPU
		{07BE6CA8-BE40-41B4-8DAC-A2567EE00489}.Debug|Any CPU.Build.0 = Debug|Any CPU
		{07BE6CA8-BE40-41B4-8DAC-A2567EE00489}.Release|Any CPU.ActiveCfg = Release|Any CPU
		{07BE6CA8-BE40-41B4-8DAC-A2567EE00489}.Release|Any CPU.Build.0 = Release|Any CPU
		{03459E3A-F9C3-43B4-92FA-0DA63BD628D2}.Debug|Any CPU.ActiveCfg = Debug|Any CPU
		{03459E3A-F9C3-43B4-92FA-0DA63BD628D2}.Debug|Any CPU.Build.0 = Debug|Any CPU
		{03459E3A-F9C3-43B4-92FA-0DA63BD628D2}.Release|Any CPU.ActiveCfg = Release|Any CPU
		{03459E3A-F9C3-43B4-92FA-0DA63BD628D2}.Release|Any CPU.Build.0 = Release|Any CPU
		{B89FBE5B-5E12-4DB0-9AA1-42525406F2A3}.Debug|Any CPU.ActiveCfg = Debug|Any CPU
		{B89FBE5B-5E12-4DB0-9AA1-42525406F2A3}.Debug|Any CPU.Build.0 = Debug|Any CPU
		{B89FBE5B-5E12-4DB0-9AA1-42525406F2A3}.Release|Any CPU.ActiveCfg = Release|Any CPU
		{B89FBE5B-5E12-4DB0-9AA1-42525406F2A3}.Release|Any CPU.Build.0 = Release|Any CPU
		{D32D2D9C-2537-414B-9DAB-4D13EA1B6378}.Debug|Any CPU.ActiveCfg = Debug|Any CPU
		{D32D2D9C-2537-414B-9DAB-4D13EA1B6378}.Debug|Any CPU.Build.0 = Debug|Any CPU
		{D32D2D9C-2537-414B-9DAB-4D13EA1B6378}.Release|Any CPU.ActiveCfg = Release|Any CPU
		{D32D2D9C-2537-414B-9DAB-4D13EA1B6378}.Release|Any CPU.Build.0 = Release|Any CPU
	EndGlobalSection
	GlobalSection(SolutionProperties) = preSolution
		HideSolutionNode = FALSE
	EndGlobalSection
	GlobalSection(ExtensibilityGlobals) = postSolution
		SolutionGuid = {D6DCFEC0-E1DA-484F-8104-FB6415743E8E}
	EndGlobalSection
EndGlobal
